
Microsoft Visual Studio Solution File, Format Version 12.00
# Visual Studio Version 17
VisualStudioVersion = 17.11.35222.181
MinimumVisualStudioVersion = 10.0.40219.1
Project("{FAE04EC0-301F-11D3-BF4B-00C04F79EFBC}") = "System.3", "System.3\System.3.csproj", "{DF1CE858-A469-471B-B092-059D8A4B3333}"
EndProject
Global
	GlobalSection(SolutionConfigurationPlatforms) = preSolution
		Debug|Any CPU = Debug|Any CPU
		Release|Any CPU = Release|Any CPU
	EndGlobalSection
	GlobalSection(ProjectConfigurationPlatforms) = postSolution
		{DF1CE858-A469-471B-B092-059D8A4B3333}.Debug|Any CPU.ActiveCfg = Debug|Any CPU
		{DF1CE858-A469-471B-B092-059D8A4B3333}.Debug|Any CPU.Build.0 = Debug|Any CPU
		{DF1CE858-A469-471B-B092-059D8A4B3333}.Release|Any CPU.ActiveCfg = Release|Any CPU
		{DF1CE858-A469-471B-B092-059D8A4B3333}.Release|Any CPU.Build.0 = Release|Any CPU
	EndGlobalSection
	GlobalSection(SolutionProperties) = preSolution
		HideSolutionNode = FALSE
	EndGlobalSection
	GlobalSection(ExtensibilityGlobals) = postSolution
		SolutionGuid = {DB2955FF-07B1-43DF-AD9B-80956091FA16}
	EndGlobalSection
EndGlobal
